
Microsoft Visual Studio Solution File, Format Version 12.00
# Visual Studio Version 16
VisualStudioVersion = 16.0.29613.14
MinimumVisualStudioVersion = 10.0.40219.1
Project("{FAE04EC0-301F-11D3-BF4B-00C04F79EFBC}") = "WFA-MangaHonKo", "WFA-MangaHonKo\WFA-MangaHonKo.csproj", "{BD0D4162-A215-48FE-AECC-A8CE40F34052}"
EndProject
Project("{FAE04EC0-301F-11D3-BF4B-00C04F79EFBC}") = "MangaLibrary", "MangaLibrary\MangaLibrary.csproj", "{71391724-A90D-4AFB-B0D5-046DAA7C0A47}"
EndProject
Project("{FAE04EC0-301F-11D3-BF4B-00C04F79EFBC}") = "MangaData", "MangaData\MangaData.csproj", "{C1F96F68-60F4-47E3-B1C2-1539EE5FE4E2}"
EndProject
Global
	GlobalSection(SolutionConfigurationPlatforms) = preSolution
		Debug|Any CPU = Debug|Any CPU
		Release|Any CPU = Release|Any CPU
	EndGlobalSection
	GlobalSection(ProjectConfigurationPlatforms) = postSolution
		{BD0D4162-A215-48FE-AECC-A8CE40F34052}.Debug|Any CPU.ActiveCfg = Debug|Any CPU
		{BD0D4162-A215-48FE-AECC-A8CE40F34052}.Debug|Any CPU.Build.0 = Debug|Any CPU
		{BD0D4162-A215-48FE-AECC-A8CE40F34052}.Release|Any CPU.ActiveCfg = Release|Any CPU
		{BD0D4162-A215-48FE-AECC-A8CE40F34052}.Release|Any CPU.Build.0 = Release|Any CPU
		{71391724-A90D-4AFB-B0D5-046DAA7C0A47}.Debug|Any CPU.ActiveCfg = Debug|Any CPU
		{71391724-A90D-4AFB-B0D5-046DAA7C0A47}.Debug|Any CPU.Build.0 = Debug|Any CPU
		{71391724-A90D-4AFB-B0D5-046DAA7C0A47}.Release|Any CPU.ActiveCfg = Release|Any CPU
		{71391724-A90D-4AFB-B0D5-046DAA7C0A47}.Release|Any CPU.Build.0 = Release|Any CPU
		{C1F96F68-60F4-47E3-B1C2-1539EE5FE4E2}.Debug|Any CPU.ActiveCfg = Debug|Any CPU
		{C1F96F68-60F4-47E3-B1C2-1539EE5FE4E2}.Debug|Any CPU.Build.0 = Debug|Any CPU
		{C1F96F68-60F4-47E3-B1C2-1539EE5FE4E2}.Release|Any CPU.ActiveCfg = Release|Any CPU
		{C1F96F68-60F4-47E3-B1C2-1539EE5FE4E2}.Release|Any CPU.Build.0 = Release|Any CPU
	EndGlobalSection
	GlobalSection(SolutionProperties) = preSolution
		HideSolutionNode = FALSE
	EndGlobalSection
	GlobalSection(ExtensibilityGlobals) = postSolution
		SolutionGuid = {6AFC28F7-0794-4940-A014-AEE68B68CC20}
	EndGlobalSection
EndGlobal
